// !$*UTF8*$!
{
	archiveVersion = 1;
	classes = {
	};
	objectVersion = 77;
	objects = {

/* Begin PBXContainerItemProxy section */
		5F7D4E9E2ECE300400ABF8DE /* PBXContainerItemProxy */ = {
			isa = PBXContainerItemProxy;
			containerPortal = 5F7D4E882ECE300200ABF8DE /* Project object */;
			proxyType = 1;
			remoteGlobalIDString = 5F7D4E8F2ECE300200ABF8DE;
			remoteInfo = "recording-analyzer";
		};
		5F7D4EA82ECE300400ABF8DE /* PBXContainerItemProxy */ = {
			isa = PBXContainerItemProxy;
			containerPortal = 5F7D4E882ECE300200ABF8DE /* Project object */;
			proxyType = 1;
			remoteGlobalIDString = 5F7D4E8F2ECE300200ABF8DE;
			remoteInfo = "recording-analyzer";
		};
/* End PBXContainerItemProxy section */

/* Begin PBXFileReference section */
		5F7D4E902ECE300200ABF8DE /* recording-analyzer.app */ = {isa = PBXFileReference; explicitFileType = wrapper.application; includeInIndex = 0; path = "recording-analyzer.app"; sourceTree = BUILT_PRODUCTS_DIR; };
		5F7D4E9D2ECE300400ABF8DE /* recording-analyzerTests.xctest */ = {isa = PBXFileReference; explicitFileType = wrapper.cfbundle; includeInIndex = 0; path = "recording-analyzerTests.xctest"; sourceTree = BUILT_PRODUCTS_DIR; };
		5F7D4EA72ECE300400ABF8DE /* recording-analyzerUITests.xctest */ = {isa = PBXFileReference; explicitFileType = wrapper.cfbundle; includeInIndex = 0; path = "recording-analyzerUITests.xctest"; sourceTree = BUILT_PRODUCTS_DIR; };
/* End PBXFileReference section */

/* Begin PBXFileSystemSynchronizedBuildFileExceptionSet section */
		5F7D4ECF2ECE4D1000ABF8DE /* Exceptions for "recording-analyzer" folder in "recording-analyzer" target */ = {
			isa = PBXFileSystemSynchronizedBuildFileExceptionSet;
			membershipExceptions = (
				Info.plist,
			);
			target = 5F7D4E8F2ECE300200ABF8DE /* recording-analyzer */;
		};
/* End PBXFileSystemSynchronizedBuildFileExceptionSet section */

/* Begin PBXFileSystemSynchronizedRootGroup section */
		5F7D4E922ECE300200ABF8DE /* recording-analyzer */ = {
			isa = PBXFileSystemSynchronizedRootGroup;
			exceptions = (
				5F7D4ECF2ECE4D1000ABF8DE /* Exceptions for "recording-analyzer" folder in "recording-analyzer" target */,
			);
			path = "recording-analyzer";
			sourceTree = "<group>";
		};
		5F7D4EA02ECE300400ABF8DE /* recording-analyzerTests */ = {
			isa = PBXFileSystemSynchronizedRootGroup;
			path = "recording-analyzerTests";
			sourceTree = "<group>";
		};
		5F7D4EAA2ECE300400ABF8DE /* recording-analyzerUITests */ = {
			isa = PBXFileSystemSynchronizedRootGroup;
			path = "recording-analyzerUITests";
			sourceTree = "<group>";
		};
/* End PBXFileSystemSynchronizedRootGroup section */

/* Begin PBXFrameworksBuildPhase section */
		5F7D4E8D2ECE300200ABF8DE /* Frameworks */ = {
			isa = PBXFrameworksBuildPhase;
			buildActionMask = 2147483647;
			files = (
			);
			runOnlyForDeploymentPostprocessing = 0;
		};
		5F7D4E9A2ECE300400ABF8DE /* Frameworks */ = {
			isa = PBXFrameworksBuildPhase;
			buildActionMask = 2147483647;
			files = (
			);
			runOnlyForDeploymentPostprocessing = 0;
		};
		5F7D4EA42ECE300400ABF8DE /* Frameworks */ = {
			isa = PBXFrameworksBuildPhase;
			buildActionMask = 2147483647;
			files = (
			);
			runOnlyForDeploymentPostprocessing = 0;
		};
/* End PBXFrameworksBuildPhase section */

/* Begin PBXGroup section */
		5F7D4E872ECE300200ABF8DE = {
			isa = PBXGroup;
			children = (
				5F7D4E922ECE300200ABF8DE /* recording-analyzer */,
				5F7D4EA02ECE300400ABF8DE /* recording-analyzerTests */,
				5F7D4EAA2ECE300400ABF8DE /* recording-analyzerUITests */,
				5F7D4E912ECE300200ABF8DE /* Products */,
			);
			sourceTree = "<group>";
		};
		5F7D4E912ECE300200ABF8DE /* Products */ = {
			isa = PBXGroup;
			children = (
				5F7D4E902ECE300200ABF8DE /* recording-analyzer.app */,
				5F7D4E9D2ECE300400ABF8DE /* recording-analyzerTests.xctest */,
				5F7D4EA72ECE300400ABF8DE /* recording-analyzerUITests.xctest */,
			);
			name = Products;
			sourceTree = "<group>";
		};
/* End PBXGroup section */

/* Begin PBXNativeTarget section */
		5F7D4E8F2ECE300200ABF8DE /* recording-analyzer */ = {
			isa = PBXNativeTarget;
			buildConfigurationList = 5F7D4EB12ECE300400ABF8DE /* Build configuration list for PBXNativeTarget "recording-analyzer" */;
			buildPhases = (
				5F7D4E8C2ECE300200ABF8DE /* Sources */,
				5F7D4E8D2ECE300200ABF8DE /* Frameworks */,
				5F7D4E8E2ECE300200ABF8DE /* Resources */,
			);
			buildRules = (
			);
			dependencies = (
			);
			fileSystemSynchronizedGroups = (
				5F7D4E922ECE300200ABF8DE /* recording-analyzer */,
			);
			name = "recording-analyzer";
			packageProductDependencies = (
			);
			productName = "recording-analyzer";
			productReference = 5F7D4E902ECE300200ABF8DE /* recording-analyzer.app */;
			productType = "com.apple.product-type.application";
		};
		5F7D4E9C2ECE300400ABF8DE /* recording-analyzerTests */ = {
			isa = PBXNativeTarget;
			buildConfigurationList = 5F7D4EB42ECE300400ABF8DE /* Build configuration list for PBXNativeTarget "recording-analyzerTests" */;
			buildPhases = (
				5F7D4E992ECE300400ABF8DE /* Sources */,
				5F7D4E9A2ECE300400ABF8DE /* Frameworks */,
				5F7D4E9B2ECE300400ABF8DE /* Resources */,
			);
			buildRules = (
			);
			dependencies = (
				5F7D4E9F2ECE300400ABF8DE /* PBXTargetDependency */,
			);
			fileSystemSynchronizedGroups = (
				5F7D4EA02ECE300400ABF8DE /* recording-analyzerTests */,
			);
			name = "recording-analyzerTests";
			packageProductDependencies = (
			);
			productName = "recording-analyzerTests";
			productReference = 5F7D4E9D2ECE300400ABF8DE /* recording-analyzerTests.xctest */;
			productType = "com.apple.product-type.bundle.unit-test";
		};
		5F7D4EA62ECE300400ABF8DE /* recording-analyzerUITests */ = {
			isa = PBXNativeTarget;
			buildConfigurationList = 5F7D4EB72ECE300400ABF8DE /* Build configuration list for PBXNativeTarget "recording-analyzerUITests" */;
			buildPhases = (
				5F7D4EA32ECE300400ABF8DE /* Sources */,
				5F7D4EA42ECE300400ABF8DE /* Frameworks */,
				5F7D4EA52ECE300400ABF8DE /* Resources */,
			);
			buildRules = (
			);
			dependencies = (
				5F7D4EA92ECE300400ABF8DE /* PBXTargetDependency */,
			);
			fileSystemSynchronizedGroups = (
				5F7D4EAA2ECE300400ABF8DE /* recording-analyzerUITests */,
			);
			name = "recording-analyzerUITests";
			packageProductDependencies = (
			);
			productName = "recording-analyzerUITests";
			productReference = 5F7D4EA72ECE300400ABF8DE /* recording-analyzerUITests.xctest */;
			productType = "com.apple.product-type.bundle.ui-testing";
		};
/* End PBXNativeTarget section */

/* Begin PBXProject section */
		5F7D4E882ECE300200ABF8DE /* Project object */ = {
			isa = PBXProject;
			attributes = {
				BuildIndependentTargetsInParallel = 1;
				LastSwiftUpdateCheck = 1640;
				LastUpgradeCheck = 1640;
				TargetAttributes = {
					5F7D4E8F2ECE300200ABF8DE = {
						CreatedOnToolsVersion = 16.4;
					};
					5F7D4E9C2ECE300400ABF8DE = {
						CreatedOnToolsVersion = 16.4;
						TestTargetID = 5F7D4E8F2ECE300200ABF8DE;
					};
					5F7D4EA62ECE300400ABF8DE = {
						CreatedOnToolsVersion = 16.4;
						TestTargetID = 5F7D4E8F2ECE300200ABF8DE;
					};
				};
			};
			buildConfigurationList = 5F7D4E8B2ECE300200ABF8DE /* Build configuration list for PBXProject "recording-analyzer" */;
			developmentRegion = en;
			hasScannedForEncodings = 0;
			knownRegions = (
				en,
				Base,
			);
			mainGroup = 5F7D4E872ECE300200ABF8DE;
			minimizedProjectReferenceProxies = 1;
			preferredProjectObjectVersion = 77;
			productRefGroup = 5F7D4E912ECE300200ABF8DE /* Products */;
			projectDirPath = "";
			projectRoot = "";
			targets = (
				5F7D4E8F2ECE300200ABF8DE /* recording-analyzer */,
				5F7D4E9C2ECE300400ABF8DE /* recording-analyzerTests */,
				5F7D4EA62ECE300400ABF8DE /* recording-analyzerUITests */,
			);
		};
/* End PBXProject section */

/* Begin PBXResourcesBuildPhase section */
		5F7D4E8E2ECE300200ABF8DE /* Resources */ = {
			isa = PBXResourcesBuildPhase;
			buildActionMask = 2147483647;
			files = (
			);
			runOnlyForDeploymentPostprocessing = 0;
		};
		5F7D4E9B2ECE300400ABF8DE /* Resources */ = {
			isa = PBXResourcesBuildPhase;
			buildActionMask = 2147483647;
			files = (
			);
			runOnlyForDeploymentPostprocessing = 0;
		};
		5F7D4EA52ECE300400ABF8DE /* Resources */ = {
			isa = PBXResourcesBuildPhase;
			buildActionMask = 2147483647;
			files = (
			);
			runOnlyForDeploymentPostprocessing = 0;
		};
/* End PBXResourcesBuildPhase section */

/* Begin PBXSourcesBuildPhase section */
		5F7D4E8C2ECE300200ABF8DE /* Sources */ = {
			isa = PBXSourcesBuildPhase;
			buildActionMask = 2147483647;
			files = (
			);
			runOnlyForDeploymentPostprocessing = 0;
		};
		5F7D4E992ECE300400ABF8DE /* Sources */ = {
			isa = PBXSourcesBuildPhase;
			buildActionMask = 2147483647;
			files = (
			);
			runOnlyForDeploymentPostprocessing = 0;
		};
		5F7D4EA32ECE300400ABF8DE /* Sources */ = {
			isa = PBXSourcesBuildPhase;
			buildActionMask = 2147483647;
			files = (
			);
			runOnlyForDeploymentPostprocessing = 0;
		};
/* End PBXSourcesBuildPhase section */

/* Begin PBXTargetDependency section */
		5F7D4E9F2ECE300400ABF8DE /* PBXTargetDependency */ = {
			isa = PBXTargetDependency;
			target = 5F7D4E8F2ECE300200ABF8DE /* recording-analyzer */;
			targetProxy = 5F7D4E9E2ECE300400ABF8DE /* PBXContainerItemProxy */;
		};
		5F7D4EA92ECE300400ABF8DE /* PBXTargetDependency */ = {
			isa = PBXTargetDependency;
			target = 5F7D4E8F2ECE300200ABF8DE /* recording-analyzer */;
			targetProxy = 5F7D4EA82ECE300400ABF8DE /* PBXContainerItemProxy */;
		};
/* End PBXTargetDependency section */

/* Begin XCBuildConfiguration section */
		5F7D4EAF2ECE300400ABF8DE /* Debug */ = {
			isa = XCBuildConfiguration;
			buildSettings = {
				ALWAYS_SEARCH_USER_PATHS = NO;
				ASSETCATALOG_COMPILER_GENERATE_SWIFT_ASSET_SYMBOL_EXTENSIONS = YES;
				CLANG_ANALYZER_NONNULL = YES;
				CLANG_ANALYZER_NUMBER_OBJECT_CONVERSION = YES_AGGRESSIVE;
				CLANG_CXX_LANGUAGE_STANDARD = "gnu++20";
				CLANG_ENABLE_MODULES = YES;
				CLANG_ENABLE_OBJC_ARC = YES;
				CLANG_ENABLE_OBJC_WEAK = YES;
				CLANG_WARN_BLOCK_CAPTURE_AUTORELEASING = YES;
				CLANG_WARN_BOOL_CONVERSION = YES;
				CLANG_WARN_COMMA = YES;
				CLANG_WARN_CONSTANT_CONVERSION = YES;
				CLANG_WARN_DEPRECATED_OBJC_IMPLEMENTATIONS = YES;
				CLANG_WARN_DIRECT_OBJC_ISA_USAGE = YES_ERROR;
				CLANG_WARN_DOCUMENTATION_COMMENTS = YES;
				CLANG_WARN_EMPTY_BODY = YES;
				CLANG_WARN_ENUM_CONVERSION = YES;
				CLANG_WARN_INFINITE_RECURSION = YES;
				CLANG_WARN_INT_CONVERSION = YES;
				CLANG_WARN_NON_LITERAL_NULL_CONVERSION = YES;
				CLANG_WARN_OBJC_IMPLICIT_RETAIN_SELF = YES;
				CLANG_WARN_OBJC_LITERAL_CONVERSION = YES;
				CLANG_WARN_OBJC_ROOT_CLASS = YES_ERROR;
				CLANG_WARN_QUOTED_INCLUDE_IN_FRAMEWORK_HEADER = YES;
				CLANG_WARN_RANGE_LOOP_ANALYSIS = YES;
				CLANG_WARN_STRICT_PROTOTYPES = YES;
				CLANG_WARN_SUSPICIOUS_MOVE = YES;
				CLANG_WARN_UNGUARDED_AVAILABILITY = YES_AGGRESSIVE;
				CLANG_WARN_UNREACHABLE_CODE = YES;
				CLANG_WARN__DUPLICATE_METHOD_MATCH = YES;
				COPY_PHASE_STRIP = NO;
				DEBUG_INFORMATION_FORMAT = dwarf;
				DEVELOPMENT_TEAM = DVS92MSR3M;
				ENABLE_STRICT_OBJC_MSGSEND = YES;
				ENABLE_TESTABILITY = YES;
				ENABLE_USER_SCRIPT_SANDBOXING = YES;
				GCC_C_LANGUAGE_STANDARD = gnu17;
				GCC_DYNAMIC_NO_PIC = NO;
				GCC_NO_COMMON_BLOCKS = YES;
				GCC_OPTIMIZATION_LEVEL = 0;
				GCC_PREPROCESSOR_DEFINITIONS = (
					"DEBUG=1",
					"$(inherited)",
				);
				GCC_WARN_64_TO_32_BIT_CONVERSION = YES;
				GCC_WARN_ABOUT_RETURN_TYPE = YES_ERROR;
				GCC_WARN_UNDECLARED_SELECTOR = YES;
				GCC_WARN_UNINITIALIZED_AUTOS = YES_AGGRESSIVE;
				GCC_WARN_UNUSED_FUNCTION = YES;
				GCC_WARN_UNUSED_VARIABLE = YES;
				IPHONEOS_DEPLOYMENT_TARGET = 18.5;
				LOCALIZATION_PREFERS_STRING_CATALOGS = YES;
				MTL_ENABLE_DEBUG_INFO = INCLUDE_SOURCE;
				MTL_FAST_MATH = YES;
				ONLY_ACTIVE_ARCH = YES;
				SDKROOT = iphoneos;
				SWIFT_ACTIVE_COMPILATION_CONDITIONS = "DEBUG $(inherited)";
				SWIFT_OPTIMIZATION_LEVEL = "-Onone";
			};
			name = Debug;
		};
		5F7D4EB02ECE300400ABF8DE /* Release */ = {
			isa = XCBuildConfiguration;
			buildSettings = {
				ALWAYS_SEARCH_USER_PATHS = NO;
				ASSETCATALOG_COMPILER_GENERATE_SWIFT_ASSET_SYMBOL_EXTENSIONS = YES;
				CLANG_ANALYZER_NONNULL = YES;
				CLANG_ANALYZER_NUMBER_OBJECT_CONVERSION = YES_AGGRESSIVE;
				CLANG_CXX_LANGUAGE_STANDARD = "gnu++20";
				CLANG_ENABLE_MODULES = YES;
				CLANG_ENABLE_OBJC_ARC = YES;
				CLANG_ENABLE_OBJC_WEAK = YES;
				CLANG_WARN_BLOCK_CAPTURE_AUTORELEASING = YES;
				CLANG_WARN_BOOL_CONVERSION = YES;
				CLANG_WARN_COMMA = YES;
				CLANG_WARN_CONSTANT_CONVERSION = YES;
				CLANG_WARN_DEPRECATED_OBJC_IMPLEMENTATIONS = YES;
				CLANG_WARN_DIRECT_OBJC_ISA_USAGE = YES_ERROR;
				CLANG_WARN_DOCUMENTATION_COMMENTS = YES;
				CLANG_WARN_EMPTY_BODY = YES;
				CLANG_WARN_ENUM_CONVERSION = YES;
				CLANG_WARN_INFINITE_RECURSION = YES;
				CLANG_WARN_INT_CONVERSION = YES;
				CLANG_WARN_NON_LITERAL_NULL_CONVERSION = YES;
				CLANG_WARN_OBJC_IMPLICIT_RETAIN_SELF = YES;
				CLANG_WARN_OBJC_LITERAL_CONVERSION = YES;
				CLANG_WARN_OBJC_ROOT_CLASS = YES_ERROR;
				CLANG_WARN_QUOTED_INCLUDE_IN_FRAMEWORK_HEADER = YES;
				CLANG_WARN_RANGE_LOOP_ANALYSIS = YES;
				CLANG_WARN_STRICT_PROTOTYPES = YES;
				CLANG_WARN_SUSPICIOUS_MOVE = YES;
				CLANG_WARN_UNGUARDED_AVAILABILITY = YES_AGGRESSIVE;
				CLANG_WARN_UNREACHABLE_CODE = YES;
				CLANG_WARN__DUPLICATE_METHOD_MATCH = YES;
				COPY_PHASE_STRIP = NO;
				DEBUG_INFORMATION_FORMAT = "dwarf-with-dsym";
				DEVELOPMENT_TEAM = DVS92MSR3M;
				ENABLE_NS_ASSERTIONS = NO;
				ENABLE_STRICT_OBJC_MSGSEND = YES;
				ENABLE_USER_SCRIPT_SANDBOXING = YES;
				GCC_C_LANGUAGE_STANDARD = gnu17;
				GCC_NO_COMMON_BLOCKS = YES;
				GCC_WARN_64_TO_32_BIT_CONVERSION = YES;
				GCC_WARN_ABOUT_RETURN_TYPE = YES_ERROR;
				GCC_WARN_UNDECLARED_SELECTOR = YES;
				GCC_WARN_UNINITIALIZED_AUTOS = YES_AGGRESSIVE;
				GCC_WARN_UNUSED_FUNCTION = YES;
				GCC_WARN_UNUSED_VARIABLE = YES;
				IPHONEOS_DEPLOYMENT_TARGET = 18.5;
				LOCALIZATION_PREFERS_STRING_CATALOGS = YES;
				MTL_ENABLE_DEBUG_INFO = NO;
				MTL_FAST_MATH = YES;
				SDKROOT = iphoneos;
				SWIFT_COMPILATION_MODE = wholemodule;
				VALIDATE_PRODUCT = YES;
			};
			name = Release;
		};
		5F7D4EB22ECE300400ABF8DE /* Debug */ = {
			isa = XCBuildConfiguration;
			buildSettings = {
				ASSETCATALOG_COMPILER_APPICON_NAME = AppIcon;
				ASSETCATALOG_COMPILER_GLOBAL_ACCENT_COLOR_NAME = AccentColor;
				CODE_SIGN_STYLE = Automatic;
				CURRENT_PROJECT_VERSION = 1;
				DEVELOPMENT_TEAM = DVS92MSR3M;
				ENABLE_PREVIEWS = YES;
				GENERATE_INFOPLIST_FILE = YES;
				INFOPLIST_FILE = "recording-analyzer/Info.plist";
				INFOPLIST_KEY_NSMicrophoneUsageDescription = "To record audio.";
				INFOPLIST_KEY_NSSpeechRecognitionUsageDescription = "We use speech recognition to transcribe your audio for AI analysis.";
				INFOPLIST_KEY_UIApplicationSceneManifest_Generation = YES;
				INFOPLIST_KEY_UIApplicationSupportsIndirectInputEvents = YES;
				INFOPLIST_KEY_UILaunchScreen_Generation = YES;
				INFOPLIST_KEY_UISupportedInterfaceOrientations_iPad = "UIInterfaceOrientationPortrait UIInterfaceOrientationPortraitUpsideDown UIInterfaceOrientationLandscapeLeft UIInterfaceOrientationLandscapeRight";
				INFOPLIST_KEY_UISupportedInterfaceOrientations_iPhone = "UIInterfaceOrientationPortrait UIInterfaceOrientationLandscapeLeft UIInterfaceOrientationLandscapeRight";
				LD_RUNPATH_SEARCH_PATHS = (
					"$(inherited)",
					"@executable_path/Frameworks",
				);
				MARKETING_VERSION = 1.0;
				PRODUCT_BUNDLE_IDENTIFIER = "com.app.recording-analyzer";
				PRODUCT_NAME = "$(TARGET_NAME)";
				SUPPORTED_PLATFORMS = "iphoneos iphonesimulator";
				SUPPORTS_MACCATALYST = YES;
				SUPPORTS_MAC_DESIGNED_FOR_IPHONE_IPAD = NO;
				SWIFT_EMIT_LOC_STRINGS = YES;
				SWIFT_VERSION = 5.0;
				TARGETED_DEVICE_FAMILY = "1,2";
			};
			name = Debug;
		};
		5F7D4EB32ECE300400ABF8DE /* Release */ = {
			isa = XCBuildConfiguration;
			buildSettings = {
				ASSETCATALOG_COMPILER_APPICON_NAME = AppIcon;
				ASSETCATALOG_COMPILER_GLOBAL_ACCENT_COLOR_NAME = AccentColor;
				CODE_SIGN_STYLE = Automatic;
				CURRENT_PROJECT_VERSION = 1;
				DEVELOPMENT_TEAM = DVS92MSR3M;
				ENABLE_PREVIEWS = YES;
				GENERATE_INFOPLIST_FILE = YES;
				INFOPLIST_FILE = "recording-analyzer/Info.plist";
				INFOPLIST_KEY_NSMicrophoneUsageDescription = "To record audio.";
				INFOPLIST_KEY_NSSpeechRecognitionUsageDescription = "We use speech recognition to transcribe your audio for AI analysis.";
				INFOPLIST_KEY_UIApplicationSceneManifest_Generation = YES;
				INFOPLIST_KEY_UIApplicationSupportsIndirectInputEvents = YES;
				INFOPLIST_KEY_UILaunchScreen_Generation = YES;
				INFOPLIST_KEY_UISupportedInterfaceOrientations_iPad = "UIInterfaceOrientationPortrait UIInterfaceOrientationPortraitUpsideDown UIInterfaceOrientationLandscapeLeft UIInterfaceOrientationLandscapeRight";
				INFOPLIST_KEY_UISupportedInterfaceOrientations_iPhone = "UIInterfaceOrientationPortrait UIInterfaceOrientationLandscapeLeft UIInterfaceOrientationLandscapeRight";
				LD_RUNPATH_SEARCH_PATHS = (
					"$(inherited)",
					"@executable_path/Frameworks",
				);
				MARKETING_VERSION = 1.0;
				PRODUCT_BUNDLE_IDENTIFIER = "com.app.recording-analyzer";
				PRODUCT_NAME = "$(TARGET_NAME)";
				SUPPORTED_PLATFORMS = "iphoneos iphonesimulator";
				SUPPORTS_MACCATALYST = YES;
				SUPPORTS_MAC_DESIGNED_FOR_IPHONE_IPAD = NO;
				SWIFT_EMIT_LOC_STRINGS = YES;
				SWIFT_VERSION = 5.0;
				TARGETED_DEVICE_FAMILY = "1,2";
			};
			name = Release;
		};
		5F7D4EB52ECE300400ABF8DE /* Debug */ = {
			isa = XCBuildConfiguration;
			buildSettings = {
				BUNDLE_LOADER = "$(TEST_HOST)";
				CODE_SIGN_STYLE = Automatic;
				CURRENT_PROJECT_VERSION = 1;
				DEVELOPMENT_TEAM = DVS92MSR3M;
				GENERATE_INFOPLIST_FILE = YES;
				IPHONEOS_DEPLOYMENT_TARGET = 18.5;
				MARKETING_VERSION = 1.0;
				PRODUCT_BUNDLE_IDENTIFIER = "com.app.recording-analyzerTests";
				PRODUCT_NAME = "$(TARGET_NAME)";
				SWIFT_EMIT_LOC_STRINGS = NO;
				SWIFT_VERSION = 5.0;
				TARGETED_DEVICE_FAMILY = "1,2";
				TEST_HOST = "$(BUILT_PRODUCTS_DIR)/recording-analyzer.app/$(BUNDLE_EXECUTABLE_FOLDER_PATH)/recording-analyzer";
			};
			name = Debug;
		};
		5F7D4EB62ECE300400ABF8DE /* Release */ = {
			isa = XCBuildConfiguration;
			buildSettings = {
				BUNDLE_LOADER = "$(TEST_HOST)";
				CODE_SIGN_STYLE = Automatic;
				CURRENT_PROJECT_VERSION = 1;
				DEVELOPMENT_TEAM = DVS92MSR3M;
				GENERATE_INFOPLIST_FILE = YES;
				IPHONEOS_DEPLOYMENT_TARGET = 18.5;
				MARKETING_VERSION = 1.0;
				PRODUCT_BUNDLE_IDENTIFIER = "com.app.recording-analyzerTests";
				PRODUCT_NAME = "$(TARGET_NAME)";
				SWIFT_EMIT_LOC_STRINGS = NO;
				SWIFT_VERSION = 5.0;
				TARGETED_DEVICE_FAMILY = "1,2";
				TEST_HOST = "$(BUILT_PRODUCTS_DIR)/recording-analyzer.app/$(BUNDLE_EXECUTABLE_FOLDER_PATH)/recording-analyzer";
			};
			name = Release;
		};
		5F7D4EB82ECE300400ABF8DE /* Debug */ = {
			isa = XCBuildConfiguration;
			buildSettings = {
				CODE_SIGN_STYLE = Automatic;
				CURRENT_PROJECT_VERSION = 1;
				DEVELOPMENT_TEAM = DVS92MSR3M;
				GENERATE_INFOPLIST_FILE = YES;
				MARKETING_VERSION = 1.0;
				PRODUCT_BUNDLE_IDENTIFIER = "com.app.recording-analyzerUITests";
				PRODUCT_NAME = "$(TARGET_NAME)";
				SWIFT_EMIT_LOC_STRINGS = NO;
				SWIFT_VERSION = 5.0;
				TARGETED_DEVICE_FAMILY = "1,2";
				TEST_TARGET_NAME = "recording-analyzer";
			};
			name = Debug;
		};
		5F7D4EB92ECE300400ABF8DE /* Release */ = {
			isa = XCBuildConfiguration;
			buildSettings = {
				CODE_SIGN_STYLE = Automatic;
				CURRENT_PROJECT_VERSION = 1;
				DEVELOPMENT_TEAM = DVS92MSR3M;
				GENERATE_INFOPLIST_FILE = YES;
				MARKETING_VERSION = 1.0;
				PRODUCT_BUNDLE_IDENTIFIER = "com.app.recording-analyzerUITests";
				PRODUCT_NAME = "$(TARGET_NAME)";
				SWIFT_EMIT_LOC_STRINGS = NO;
				SWIFT_VERSION = 5.0;
				TARGETED_DEVICE_FAMILY = "1,2";
				TEST_TARGET_NAME = "recording-analyzer";
			};
			name = Release;
		};
/* End XCBuildConfiguration section */

/* Begin XCConfigurationList section */
		5F7D4E8B2ECE300200ABF8DE /* Build configuration list for PBXProject "recording-analyzer" */ = {
			isa = XCConfigurationList;
			buildConfigurations = (
				5F7D4EAF2ECE300400ABF8DE /* Debug */,
				5F7D4EB02ECE300400ABF8DE /* Release */,
			);
			defaultConfigurationIsVisible = 0;
			defaultConfigurationName = Release;
		};
		5F7D4EB12ECE300400ABF8DE /* Build configuration list for PBXNativeTarget "recording-analyzer" */ = {
			isa = XCConfigurationList;
			buildConfigurations = (
				5F7D4EB22ECE300400ABF8DE /* Debug */,
				5F7D4EB32ECE300400ABF8DE /* Release */,
			);
			defaultConfigurationIsVisible = 0;
			defaultConfigurationName = Release;
		};
		5F7D4EB42ECE300400ABF8DE /* Build configuration list for PBXNativeTarget "recording-analyzerTests" */ = {
			isa = XCConfigurationList;
			buildConfigurations = (
				5F7D4EB52ECE300400ABF8DE /* Debug */,
				5F7D4EB62ECE300400ABF8DE /* Release */,
			);
			defaultConfigurationIsVisible = 0;
			defaultConfigurationName = Release;
		};
		5F7D4EB72ECE300400ABF8DE /* Build configuration list for PBXNativeTarget "recording-analyzerUITests" */ = {
			isa = XCConfigurationList;
			buildConfigurations = (
				5F7D4EB82ECE300400ABF8DE /* Debug */,
				5F7D4EB92ECE300400ABF8DE /* Release */,
			);
			defaultConfigurationIsVisible = 0;
			defaultConfigurationName = Release;
		};
/* End XCConfigurationList section */
	};
	rootObject = 5F7D4E882ECE300200ABF8DE /* Project object */;
}
