// !$*UTF8*$!
{
	archiveVersion = 1;
	classes = {
	};
	objectVersion = 77;
	objects = {

/* Begin PBXBuildFile section */
		5F1587162ED3A8A40042E8A5 /* WidgetKit.framework in Frameworks */ = {isa = PBXBuildFile; fileRef = 5F1587152ED3A8A40042E8A5 /* WidgetKit.framework */; };
		5F1587182ED3A8A40042E8A5 /* SwiftUI.framework in Frameworks */ = {isa = PBXBuildFile; fileRef = 5F1587172ED3A8A40042E8A5 /* SwiftUI.framework */; };
		5F1587292ED3A8A60042E8A5 /* RecordingAnalyzerWidgetExtension.appex in Embed Foundation Extensions */ = {isa = PBXBuildFile; fileRef = 5F1587132ED3A8A40042E8A5 /* RecordingAnalyzerWidgetExtension.appex */; settings = {ATTRIBUTES = (RemoveHeadersOnCopy, ); }; };
		5F1587302ED3A8D30042E8A5 /* RecordingAttributes.swift in Sources */ = {isa = PBXBuildFile; fileRef = 5F15872F2ED3A8D30042E8A5 /* RecordingAttributes.swift */; };
		5F1587312ED3A8D30042E8A5 /* RecordingAttributes.swift in Sources */ = {isa = PBXBuildFile; fileRef = 5F15872F2ED3A8D30042E8A5 /* RecordingAttributes.swift */; };
/* End PBXBuildFile section */

/* Begin PBXContainerItemProxy section */
		5F1587272ED3A8A60042E8A5 /* PBXContainerItemProxy */ = {
			isa = PBXContainerItemProxy;
			containerPortal = 5F7D4E512ECE23ED00ABF8DE /* Project object */;
			proxyType = 1;
			remoteGlobalIDString = 5F1587122ED3A8A40042E8A5;
			remoteInfo = RecordingAnalyzerWidgetExtension;
		};
		5F7D4E672ECE23F000ABF8DE /* PBXContainerItemProxy */ = {
			isa = PBXContainerItemProxy;
			containerPortal = 5F7D4E512ECE23ED00ABF8DE /* Project object */;
			proxyType = 1;
			remoteGlobalIDString = 5F7D4E582ECE23EE00ABF8DE;
			remoteInfo = "recording-analyzer";
		};
		5F7D4E712ECE23F000ABF8DE /* PBXContainerItemProxy */ = {
			isa = PBXContainerItemProxy;
			containerPortal = 5F7D4E512ECE23ED00ABF8DE /* Project object */;
			proxyType = 1;
			remoteGlobalIDString = 5F7D4E582ECE23EE00ABF8DE;
			remoteInfo = "recording-analyzer";
		};
/* End PBXContainerItemProxy section */

/* Begin PBXCopyFilesBuildPhase section */
		5F15872E2ED3A8A60042E8A5 /* Embed Foundation Extensions */ = {
			isa = PBXCopyFilesBuildPhase;
			buildActionMask = 2147483647;
			dstPath = "";
			dstSubfolderSpec = 13;
			files = (
				5F1587292ED3A8A60042E8A5 /* RecordingAnalyzerWidgetExtension.appex in Embed Foundation Extensions */,
			);
			name = "Embed Foundation Extensions";
			runOnlyForDeploymentPostprocessing = 0;
		};
/* End PBXCopyFilesBuildPhase section */

/* Begin PBXFileReference section */
		5F1584C12ED270E30042E8A5 /* recording-analyzer.xcodeproj */ = {isa = PBXFileReference; lastKnownFileType = "wrapper.pb-project"; path = "recording-analyzer.xcodeproj"; sourceTree = "<group>"; };
		5F1587132ED3A8A40042E8A5 /* RecordingAnalyzerWidgetExtension.appex */ = {isa = PBXFileReference; explicitFileType = "wrapper.app-extension"; includeInIndex = 0; path = RecordingAnalyzerWidgetExtension.appex; sourceTree = BUILT_PRODUCTS_DIR; };
		5F1587152ED3A8A40042E8A5 /* WidgetKit.framework */ = {isa = PBXFileReference; lastKnownFileType = wrapper.framework; name = WidgetKit.framework; path = System/Library/Frameworks/WidgetKit.framework; sourceTree = SDKROOT; };
		5F1587172ED3A8A40042E8A5 /* SwiftUI.framework */ = {isa = PBXFileReference; lastKnownFileType = wrapper.framework; name = SwiftUI.framework; path = System/Library/Frameworks/SwiftUI.framework; sourceTree = SDKROOT; };
		5F15872F2ED3A8D30042E8A5 /* RecordingAttributes.swift */ = {isa = PBXFileReference; lastKnownFileType = sourcecode.swift; path = RecordingAttributes.swift; sourceTree = "<group>"; };
		5F7D4E592ECE23EE00ABF8DE /* recording-analyzer.app */ = {isa = PBXFileReference; explicitFileType = wrapper.application; includeInIndex = 0; path = "recording-analyzer.app"; sourceTree = BUILT_PRODUCTS_DIR; };
		5F7D4E662ECE23F000ABF8DE /* recording-analyzerTests.xctest */ = {isa = PBXFileReference; explicitFileType = wrapper.cfbundle; includeInIndex = 0; path = "recording-analyzerTests.xctest"; sourceTree = BUILT_PRODUCTS_DIR; };
		5F7D4E702ECE23F000ABF8DE /* recording-analyzerUITests.xctest */ = {isa = PBXFileReference; explicitFileType = wrapper.cfbundle; includeInIndex = 0; path = "recording-analyzerUITests.xctest"; sourceTree = BUILT_PRODUCTS_DIR; };
		5F7D4EC32ECE300400ABF8DE /* recording-analyzer.xcodeproj */ = {isa = PBXFileReference; lastKnownFileType = "wrapper.pb-project"; path = "recording-analyzer.xcodeproj"; sourceTree = "<group>"; };
		5F7D4EF22ED270A100ABF8DE /* recording-analyzer.xcodeproj */ = {isa = PBXFileReference; lastKnownFileType = "wrapper.pb-project"; path = "recording-analyzer.xcodeproj"; sourceTree = "<group>"; };
/* End PBXFileReference section */

/* Begin PBXFileSystemSynchronizedBuildFileExceptionSet section */
		5F15872A2ED3A8A60042E8A5 /* Exceptions for "RecordingAnalyzerWidget" folder in "RecordingAnalyzerWidgetExtension" target */ = {
			isa = PBXFileSystemSynchronizedBuildFileExceptionSet;
			membershipExceptions = (
				Info.plist,
			);
			target = 5F1587122ED3A8A40042E8A5 /* RecordingAnalyzerWidgetExtension */;
		};
		5F1587322ED3ADB80042E8A5 /* Exceptions for "recording-analyzer" folder in "recording-analyzer" target */ = {
			isa = PBXFileSystemSynchronizedBuildFileExceptionSet;
			membershipExceptions = (
				Info.plist,
				"recording-analyzer/Assets.xcassets",
				"recording-analyzer/Info.plist",
			);
			target = 5F7D4E582ECE23EE00ABF8DE /* recording-analyzer */;
		};
		5F1587342ED3B6170042E8A5 /* Exceptions for "RecordingAnalyzerWidget" folder in "recording-analyzer" target */ = {
			isa = PBXFileSystemSynchronizedBuildFileExceptionSet;
			membershipExceptions = (
				Assets.xcassets,
			);
			target = 5F7D4E582ECE23EE00ABF8DE /* recording-analyzer */;
		};
/* End PBXFileSystemSynchronizedBuildFileExceptionSet section */

/* Begin PBXFileSystemSynchronizedRootGroup section */
		5F1587192ED3A8A40042E8A5 /* RecordingAnalyzerWidget */ = {
			isa = PBXFileSystemSynchronizedRootGroup;
			exceptions = (
				5F1587342ED3B6170042E8A5 /* Exceptions for "RecordingAnalyzerWidget" folder in "recording-analyzer" target */,
				5F15872A2ED3A8A60042E8A5 /* Exceptions for "RecordingAnalyzerWidget" folder in "RecordingAnalyzerWidgetExtension" target */,
			);
			path = RecordingAnalyzerWidget;
			sourceTree = "<group>";
		};
		5F7D4E5B2ECE23EE00ABF8DE /* recording-analyzer */ = {
			isa = PBXFileSystemSynchronizedRootGroup;
			exceptions = (
				5F1587322ED3ADB80042E8A5 /* Exceptions for "recording-analyzer" folder in "recording-analyzer" target */,
			);
			path = "recording-analyzer";
			sourceTree = "<group>";
		};
/* End PBXFileSystemSynchronizedRootGroup section */

/* Begin PBXFrameworksBuildPhase section */
		5F1587102ED3A8A40042E8A5 /* Frameworks */ = {
			isa = PBXFrameworksBuildPhase;
			buildActionMask = 2147483647;
			files = (
				5F1587182ED3A8A40042E8A5 /* SwiftUI.framework in Frameworks */,
				5F1587162ED3A8A40042E8A5 /* WidgetKit.framework in Frameworks */,
			);
			runOnlyForDeploymentPostprocessing = 0;
		};
		5F7D4E562ECE23EE00ABF8DE /* Frameworks */ = {
			isa = PBXFrameworksBuildPhase;
			buildActionMask = 2147483647;
			files = (
			);
			runOnlyForDeploymentPostprocessing = 0;
		};
		5F7D4E632ECE23F000ABF8DE /* Frameworks */ = {
			isa = PBXFrameworksBuildPhase;
			buildActionMask = 2147483647;
			files = (
			);
			runOnlyForDeploymentPostprocessing = 0;
		};
		5F7D4E6D2ECE23F000ABF8DE /* Frameworks */ = {
			isa = PBXFrameworksBuildPhase;
			buildActionMask = 2147483647;
			files = (
			);
			runOnlyForDeploymentPostprocessing = 0;
		};
/* End PBXFrameworksBuildPhase section */

/* Begin PBXGroup section */
		5F1584C22ED270E30042E8A5 /* Products */ = {
			isa = PBXGroup;
			children = (
			);
			name = Products;
			sourceTree = "<group>";
		};
		5F1587142ED3A8A40042E8A5 /* Frameworks */ = {
			isa = PBXGroup;
			children = (
				5F1587152ED3A8A40042E8A5 /* WidgetKit.framework */,
				5F1587172ED3A8A40042E8A5 /* SwiftUI.framework */,
			);
			name = Frameworks;
			sourceTree = "<group>";
		};
		5F7D4E502ECE23ED00ABF8DE = {
			isa = PBXGroup;
			children = (
				5F15872F2ED3A8D30042E8A5 /* RecordingAttributes.swift */,
				5F7D4E5B2ECE23EE00ABF8DE /* recording-analyzer */,
				5F1587192ED3A8A40042E8A5 /* RecordingAnalyzerWidget */,
				5F1587142ED3A8A40042E8A5 /* Frameworks */,
				5F7D4E5A2ECE23EE00ABF8DE /* Products */,
			);
			sourceTree = "<group>";
		};
		5F7D4E5A2ECE23EE00ABF8DE /* Products */ = {
			isa = PBXGroup;
			children = (
				5F7D4E592ECE23EE00ABF8DE /* recording-analyzer.app */,
				5F7D4E662ECE23F000ABF8DE /* recording-analyzerTests.xctest */,
				5F7D4E702ECE23F000ABF8DE /* recording-analyzerUITests.xctest */,
				5F1587132ED3A8A40042E8A5 /* RecordingAnalyzerWidgetExtension.appex */,
			);
			name = Products;
			sourceTree = "<group>";
		};
		5F7D4EC42ECE300400ABF8DE /* Products */ = {
			isa = PBXGroup;
			children = (
			);
			name = Products;
			sourceTree = "<group>";
		};
		5F7D4EF32ED270A100ABF8DE /* Products */ = {
			isa = PBXGroup;
			children = (
			);
			name = Products;
			sourceTree = "<group>";
		};
/* End PBXGroup section */

/* Begin PBXNativeTarget section */
		5F1587122ED3A8A40042E8A5 /* RecordingAnalyzerWidgetExtension */ = {
			isa = PBXNativeTarget;
			buildConfigurationList = 5F15872B2ED3A8A60042E8A5 /* Build configuration list for PBXNativeTarget "RecordingAnalyzerWidgetExtension" */;
			buildPhases = (
				5F15870F2ED3A8A40042E8A5 /* Sources */,
				5F1587102ED3A8A40042E8A5 /* Frameworks */,
				5F1587112ED3A8A40042E8A5 /* Resources */,
			);
			buildRules = (
			);
			dependencies = (
			);
			fileSystemSynchronizedGroups = (
				5F1587192ED3A8A40042E8A5 /* RecordingAnalyzerWidget */,
			);
			name = RecordingAnalyzerWidgetExtension;
			packageProductDependencies = (
			);
			productName = RecordingAnalyzerWidgetExtension;
			productReference = 5F1587132ED3A8A40042E8A5 /* RecordingAnalyzerWidgetExtension.appex */;
			productType = "com.apple.product-type.app-extension";
		};
		5F7D4E582ECE23EE00ABF8DE /* recording-analyzer */ = {
			isa = PBXNativeTarget;
			buildConfigurationList = 5F7D4E7A2ECE23F000ABF8DE /* Build configuration list for PBXNativeTarget "recording-analyzer" */;
			buildPhases = (
				5F7D4E552ECE23EE00ABF8DE /* Sources */,
				5F7D4E562ECE23EE00ABF8DE /* Frameworks */,
				5F7D4E572ECE23EE00ABF8DE /* Resources */,
				5F15872E2ED3A8A60042E8A5 /* Embed Foundation Extensions */,
			);
			buildRules = (
			);
			dependencies = (
				5F1587282ED3A8A60042E8A5 /* PBXTargetDependency */,
			);
			fileSystemSynchronizedGroups = (
				5F7D4E5B2ECE23EE00ABF8DE /* recording-analyzer */,
			);
			name = "recording-analyzer";
			packageProductDependencies = (
			);
			productName = "recording-analyzer";
			productReference = 5F7D4E592ECE23EE00ABF8DE /* recording-analyzer.app */;
			productType = "com.apple.product-type.application";
		};
		5F7D4E652ECE23F000ABF8DE /* recording-analyzerTests */ = {
			isa = PBXNativeTarget;
			buildConfigurationList = 5F7D4E7D2ECE23F000ABF8DE /* Build configuration list for PBXNativeTarget "recording-analyzerTests" */;
			buildPhases = (
				5F7D4E622ECE23F000ABF8DE /* Sources */,
				5F7D4E632ECE23F000ABF8DE /* Frameworks */,
				5F7D4E642ECE23F000ABF8DE /* Resources */,
			);
			buildRules = (
			);
			dependencies = (
				5F7D4E682ECE23F000ABF8DE /* PBXTargetDependency */,
			);
			name = "recording-analyzerTests";
			packageProductDependencies = (
			);
			productName = "recording-analyzerTests";
			productReference = 5F7D4E662ECE23F000ABF8DE /* recording-analyzerTests.xctest */;
			productType = "com.apple.product-type.bundle.unit-test";
		};
		5F7D4E6F2ECE23F000ABF8DE /* recording-analyzerUITests */ = {
			isa = PBXNativeTarget;
			buildConfigurationList = 5F7D4E802ECE23F000ABF8DE /* Build configuration list for PBXNativeTarget "recording-analyzerUITests" */;
			buildPhases = (
				5F7D4E6C2ECE23F000ABF8DE /* Sources */,
				5F7D4E6D2ECE23F000ABF8DE /* Frameworks */,
				5F7D4E6E2ECE23F000ABF8DE /* Resources */,
			);
			buildRules = (
			);
			dependencies = (
				5F7D4E722ECE23F000ABF8DE /* PBXTargetDependency */,
			);
			name = "recording-analyzerUITests";
			packageProductDependencies = (
			);
			productName = "recording-analyzerUITests";
			productReference = 5F7D4E702ECE23F000ABF8DE /* recording-analyzerUITests.xctest */;
			productType = "com.apple.product-type.bundle.ui-testing";
		};
/* End PBXNativeTarget section */

/* Begin PBXProject section */
		5F7D4E512ECE23ED00ABF8DE /* Project object */ = {
			isa = PBXProject;
			attributes = {
				BuildIndependentTargetsInParallel = 1;
				LastSwiftUpdateCheck = 1640;
				LastUpgradeCheck = 1640;
				TargetAttributes = {
					5F1587122ED3A8A40042E8A5 = {
						CreatedOnToolsVersion = 16.4;
					};
					5F7D4E582ECE23EE00ABF8DE = {
						CreatedOnToolsVersion = 16.4;
					};
					5F7D4E652ECE23F000ABF8DE = {
						CreatedOnToolsVersion = 16.4;
						TestTargetID = 5F7D4E582ECE23EE00ABF8DE;
					};
					5F7D4E6F2ECE23F000ABF8DE = {
						CreatedOnToolsVersion = 16.4;
						TestTargetID = 5F7D4E582ECE23EE00ABF8DE;
					};
				};
			};
			buildConfigurationList = 5F7D4E542ECE23EE00ABF8DE /* Build configuration list for PBXProject "recording-analyzer" */;
			developmentRegion = en;
			hasScannedForEncodings = 0;
			knownRegions = (
				en,
				Base,
			);
			mainGroup = 5F7D4E502ECE23ED00ABF8DE;
			minimizedProjectReferenceProxies = 1;
			preferredProjectObjectVersion = 77;
			productRefGroup = 5F7D4E5A2ECE23EE00ABF8DE /* Products */;
			projectDirPath = "";
			projectReferences = (
				{
					ProductGroup = 5F7D4EF32ED270A100ABF8DE /* Products */;
					ProjectRef = 5F7D4EF22ED270A100ABF8DE /* recording-analyzer.xcodeproj */;
				},
				{
					ProductGroup = 5F7D4EC42ECE300400ABF8DE /* Products */;
					ProjectRef = 5F7D4EC32ECE300400ABF8DE /* recording-analyzer.xcodeproj */;
				},
				{
					ProductGroup = 5F1584C22ED270E30042E8A5 /* Products */;
					ProjectRef = 5F1584C12ED270E30042E8A5 /* recording-analyzer.xcodeproj */;
				},
			);
			projectRoot = "";
			targets = (
				5F7D4E582ECE23EE00ABF8DE /* recording-analyzer */,
				5F7D4E652ECE23F000ABF8DE /* recording-analyzerTests */,
				5F7D4E6F2ECE23F000ABF8DE /* recording-analyzerUITests */,
				5F1587122ED3A8A40042E8A5 /* RecordingAnalyzerWidgetExtension */,
			);
		};
/* End PBXProject section */

/* Begin PBXResourcesBuildPhase section */
		5F1587112ED3A8A40042E8A5 /* Resources */ = {
			isa = PBXResourcesBuildPhase;
			buildActionMask = 2147483647;
			files = (
			);
			runOnlyForDeploymentPostprocessing = 0;
		};
		5F7D4E572ECE23EE00ABF8DE /* Resources */ = {
			isa = PBXResourcesBuildPhase;
			buildActionMask = 2147483647;
			files = (
			);
			runOnlyForDeploymentPostprocessing = 0;
		};
		5F7D4E642ECE23F000ABF8DE /* Resources */ = {
			isa = PBXResourcesBuildPhase;
			buildActionMask = 2147483647;
			files = (
			);
			runOnlyForDeploymentPostprocessing = 0;
		};
		5F7D4E6E2ECE23F000ABF8DE /* Resources */ = {
			isa = PBXResourcesBuildPhase;
			buildActionMask = 2147483647;
			files = (
			);
			runOnlyForDeploymentPostprocessing = 0;
		};
/* End PBXResourcesBuildPhase section */

/* Begin PBXSourcesBuildPhase section */
		5F15870F2ED3A8A40042E8A5 /* Sources */ = {
			isa = PBXSourcesBuildPhase;
			buildActionMask = 2147483647;
			files = (
				5F1587302ED3A8D30042E8A5 /* RecordingAttributes.swift in Sources */,
			);
			runOnlyForDeploymentPostprocessing = 0;
		};
		5F7D4E552ECE23EE00ABF8DE /* Sources */ = {
			isa = PBXSourcesBuildPhase;
			buildActionMask = 2147483647;
			files = (
				5F1587312ED3A8D30042E8A5 /* RecordingAttributes.swift in Sources */,
			);
			runOnlyForDeploymentPostprocessing = 0;
		};
		5F7D4E622ECE23F000ABF8DE /* Sources */ = {
			isa = PBXSourcesBuildPhase;
			buildActionMask = 2147483647;
			files = (
			);
			runOnlyForDeploymentPostprocessing = 0;
		};
		5F7D4E6C2ECE23F000ABF8DE /* Sources */ = {
			isa = PBXSourcesBuildPhase;
			buildActionMask = 2147483647;
			files = (
			);
			runOnlyForDeploymentPostprocessing = 0;
		};
/* End PBXSourcesBuildPhase section */

/* Begin PBXTargetDependency section */
		5F1587282ED3A8A60042E8A5 /* PBXTargetDependency */ = {
			isa = PBXTargetDependency;
			target = 5F1587122ED3A8A40042E8A5 /* RecordingAnalyzerWidgetExtension */;
			targetProxy = 5F1587272ED3A8A60042E8A5 /* PBXContainerItemProxy */;
		};
		5F7D4E682ECE23F000ABF8DE /* PBXTargetDependency */ = {
			isa = PBXTargetDependency;
			target = 5F7D4E582ECE23EE00ABF8DE /* recording-analyzer */;
			targetProxy = 5F7D4E672ECE23F000ABF8DE /* PBXContainerItemProxy */;
		};
		5F7D4E722ECE23F000ABF8DE /* PBXTargetDependency */ = {
			isa = PBXTargetDependency;
			target = 5F7D4E582ECE23EE00ABF8DE /* recording-analyzer */;
			targetProxy = 5F7D4E712ECE23F000ABF8DE /* PBXContainerItemProxy */;
		};
/* End PBXTargetDependency section */

/* Begin XCBuildConfiguration section */
		5F15872C2ED3A8A60042E8A5 /* Debug */ = {
			isa = XCBuildConfiguration;
			buildSettings = {
				ASSETCATALOG_COMPILER_GLOBAL_ACCENT_COLOR_NAME = AccentColor;
				ASSETCATALOG_COMPILER_WIDGET_BACKGROUND_COLOR_NAME = WidgetBackground;
				CODE_SIGN_STYLE = Automatic;
				CURRENT_PROJECT_VERSION = 1;
				DEVELOPMENT_TEAM = DVS92MSR3M;
				GENERATE_INFOPLIST_FILE = YES;
				INFOPLIST_FILE = RecordingAnalyzerWidget/Info.plist;
				INFOPLIST_KEY_CFBundleDisplayName = RecordingAnalyzerWidget;
				INFOPLIST_KEY_NSHumanReadableCopyright = "";
				LD_RUNPATH_SEARCH_PATHS = (
					"$(inherited)",
					"@executable_path/Frameworks",
					"@executable_path/../../Frameworks",
				);
				MARKETING_VERSION = 1.0;
				PRODUCT_BUNDLE_IDENTIFIER = "com.app.recording-analyzer.RecordingAnalyzerWidget";
				PRODUCT_NAME = "$(TARGET_NAME)";
				SKIP_INSTALL = YES;
				SWIFT_EMIT_LOC_STRINGS = YES;
				SWIFT_VERSION = 5.0;
				TARGETED_DEVICE_FAMILY = "1,2";
			};
			name = Debug;
		};
		5F15872D2ED3A8A60042E8A5 /* Release */ = {
			isa = XCBuildConfiguration;
			buildSettings = {
				ASSETCATALOG_COMPILER_GLOBAL_ACCENT_COLOR_NAME = AccentColor;
				ASSETCATALOG_COMPILER_WIDGET_BACKGROUND_COLOR_NAME = WidgetBackground;
				CODE_SIGN_STYLE = Automatic;
				CURRENT_PROJECT_VERSION = 1;
				DEVELOPMENT_TEAM = DVS92MSR3M;
				GENERATE_INFOPLIST_FILE = YES;
				INFOPLIST_FILE = RecordingAnalyzerWidget/Info.plist;
				INFOPLIST_KEY_CFBundleDisplayName = RecordingAnalyzerWidget;
				INFOPLIST_KEY_NSHumanReadableCopyright = "";
				LD_RUNPATH_SEARCH_PATHS = (
					"$(inherited)",
					"@executable_path/Frameworks",
					"@executable_path/../../Frameworks",
				);
				MARKETING_VERSION = 1.0;
				PRODUCT_BUNDLE_IDENTIFIER = "com.app.recording-analyzer.RecordingAnalyzerWidget";
				PRODUCT_NAME = "$(TARGET_NAME)";
				SKIP_INSTALL = YES;
				SWIFT_EMIT_LOC_STRINGS = YES;
				SWIFT_VERSION = 5.0;
				TARGETED_DEVICE_FAMILY = "1,2";
			};
			name = Release;
		};
		5F7D4E782ECE23F000ABF8DE /* Debug */ = {
			isa = XCBuildConfiguration;
			buildSettings = {
				ALWAYS_SEARCH_USER_PATHS = NO;
				ASSETCATALOG_COMPILER_GENERATE_SWIFT_ASSET_SYMBOL_EXTENSIONS = YES;
				CLANG_ANALYZER_NONNULL = YES;
				CLANG_ANALYZER_NUMBER_OBJECT_CONVERSION = YES_AGGRESSIVE;
				CLANG_CXX_LANGUAGE_STANDARD = "gnu++20";
				CLANG_ENABLE_MODULES = YES;
				CLANG_ENABLE_OBJC_ARC = YES;
				CLANG_ENABLE_OBJC_WEAK = YES;
				CLANG_WARN_BLOCK_CAPTURE_AUTORELEASING = YES;
				CLANG_WARN_BOOL_CONVERSION = YES;
				CLANG_WARN_COMMA = YES;
				CLANG_WARN_CONSTANT_CONVERSION = YES;
				CLANG_WARN_DEPRECATED_OBJC_IMPLEMENTATIONS = YES;
				CLANG_WARN_DIRECT_OBJC_ISA_USAGE = YES_ERROR;
				CLANG_WARN_DOCUMENTATION_COMMENTS = YES;
				CLANG_WARN_EMPTY_BODY = YES;
				CLANG_WARN_ENUM_CONVERSION = YES;
				CLANG_WARN_INFINITE_RECURSION = YES;
				CLANG_WARN_INT_CONVERSION = YES;
				CLANG_WARN_NON_LITERAL_NULL_CONVERSION = YES;
				CLANG_WARN_OBJC_IMPLICIT_RETAIN_SELF = YES;
				CLANG_WARN_OBJC_LITERAL_CONVERSION = YES;
				CLANG_WARN_OBJC_ROOT_CLASS = YES_ERROR;
				CLANG_WARN_QUOTED_INCLUDE_IN_FRAMEWORK_HEADER = YES;
				CLANG_WARN_RANGE_LOOP_ANALYSIS = YES;
				CLANG_WARN_STRICT_PROTOTYPES = YES;
				CLANG_WARN_SUSPICIOUS_MOVE = YES;
				CLANG_WARN_UNGUARDED_AVAILABILITY = YES_AGGRESSIVE;
				CLANG_WARN_UNREACHABLE_CODE = YES;
				CLANG_WARN__DUPLICATE_METHOD_MATCH = YES;
				COPY_PHASE_STRIP = NO;
				DEBUG_INFORMATION_FORMAT = dwarf;
				DEVELOPMENT_TEAM = DVS92MSR3M;
				ENABLE_STRICT_OBJC_MSGSEND = YES;
				ENABLE_TESTABILITY = YES;
				ENABLE_USER_SCRIPT_SANDBOXING = YES;
				GCC_C_LANGUAGE_STANDARD = gnu17;
				GCC_DYNAMIC_NO_PIC = NO;
				GCC_NO_COMMON_BLOCKS = YES;
				GCC_OPTIMIZATION_LEVEL = 0;
				GCC_PREPROCESSOR_DEFINITIONS = (
					"DEBUG=1",
					"$(inherited)",
				);
				GCC_WARN_64_TO_32_BIT_CONVERSION = YES;
				GCC_WARN_ABOUT_RETURN_TYPE = YES_ERROR;
				GCC_WARN_UNDECLARED_SELECTOR = YES;
				GCC_WARN_UNINITIALIZED_AUTOS = YES_AGGRESSIVE;
				GCC_WARN_UNUSED_FUNCTION = YES;
				GCC_WARN_UNUSED_VARIABLE = YES;
				GENERATE_INFOPLIST_FILE = YES;
				IPHONEOS_DEPLOYMENT_TARGET = 18.5;
				LOCALIZATION_PREFERS_STRING_CATALOGS = YES;
				MTL_ENABLE_DEBUG_INFO = INCLUDE_SOURCE;
				MTL_FAST_MATH = YES;
				ONLY_ACTIVE_ARCH = YES;
				SDKROOT = iphoneos;
				SWIFT_ACTIVE_COMPILATION_CONDITIONS = "DEBUG $(inherited)";
				SWIFT_OPTIMIZATION_LEVEL = "-Onone";
			};
			name = Debug;
		};
		5F7D4E792ECE23F000ABF8DE /* Release */ = {
			isa = XCBuildConfiguration;
			buildSettings = {
				ALWAYS_SEARCH_USER_PATHS = NO;
				ASSETCATALOG_COMPILER_GENERATE_SWIFT_ASSET_SYMBOL_EXTENSIONS = YES;
				CLANG_ANALYZER_NONNULL = YES;
				CLANG_ANALYZER_NUMBER_OBJECT_CONVERSION = YES_AGGRESSIVE;
				CLANG_CXX_LANGUAGE_STANDARD = "gnu++20";
				CLANG_ENABLE_MODULES = YES;
				CLANG_ENABLE_OBJC_ARC = YES;
				CLANG_ENABLE_OBJC_WEAK = YES;
				CLANG_WARN_BLOCK_CAPTURE_AUTORELEASING = YES;
				CLANG_WARN_BOOL_CONVERSION = YES;
				CLANG_WARN_COMMA = YES;
				CLANG_WARN_CONSTANT_CONVERSION = YES;
				CLANG_WARN_DEPRECATED_OBJC_IMPLEMENTATIONS = YES;
				CLANG_WARN_DIRECT_OBJC_ISA_USAGE = YES_ERROR;
				CLANG_WARN_DOCUMENTATION_COMMENTS = YES;
				CLANG_WARN_EMPTY_BODY = YES;
				CLANG_WARN_ENUM_CONVERSION = YES;
				CLANG_WARN_INFINITE_RECURSION = YES;
				CLANG_WARN_INT_CONVERSION = YES;
				CLANG_WARN_NON_LITERAL_NULL_CONVERSION = YES;
				CLANG_WARN_OBJC_IMPLICIT_RETAIN_SELF = YES;
				CLANG_WARN_OBJC_LITERAL_CONVERSION = YES;
				CLANG_WARN_OBJC_ROOT_CLASS = YES_ERROR;
				CLANG_WARN_QUOTED_INCLUDE_IN_FRAMEWORK_HEADER = YES;
				CLANG_WARN_RANGE_LOOP_ANALYSIS = YES;
				CLANG_WARN_STRICT_PROTOTYPES = YES;
				CLANG_WARN_SUSPICIOUS_MOVE = YES;
				CLANG_WARN_UNGUARDED_AVAILABILITY = YES_AGGRESSIVE;
				CLANG_WARN_UNREACHABLE_CODE = YES;
				CLANG_WARN__DUPLICATE_METHOD_MATCH = YES;
				COPY_PHASE_STRIP = NO;
				DEBUG_INFORMATION_FORMAT = "dwarf-with-dsym";
				DEVELOPMENT_TEAM = DVS92MSR3M;
				ENABLE_NS_ASSERTIONS = NO;
				ENABLE_STRICT_OBJC_MSGSEND = YES;
				ENABLE_USER_SCRIPT_SANDBOXING = YES;
				GCC_C_LANGUAGE_STANDARD = gnu17;
				GCC_NO_COMMON_BLOCKS = YES;
				GCC_WARN_64_TO_32_BIT_CONVERSION = YES;
				GCC_WARN_ABOUT_RETURN_TYPE = YES_ERROR;
				GCC_WARN_UNDECLARED_SELECTOR = YES;
				GCC_WARN_UNINITIALIZED_AUTOS = YES_AGGRESSIVE;
				GCC_WARN_UNUSED_FUNCTION = YES;
				GCC_WARN_UNUSED_VARIABLE = YES;
				GENERATE_INFOPLIST_FILE = YES;
				IPHONEOS_DEPLOYMENT_TARGET = 18.5;
				LOCALIZATION_PREFERS_STRING_CATALOGS = YES;
				MTL_ENABLE_DEBUG_INFO = NO;
				MTL_FAST_MATH = YES;
				SDKROOT = iphoneos;
				SWIFT_COMPILATION_MODE = wholemodule;
				VALIDATE_PRODUCT = YES;
			};
			name = Release;
		};
		5F7D4E7B2ECE23F000ABF8DE /* Debug */ = {
			isa = XCBuildConfiguration;
			buildSettings = {
				ASSETCATALOG_COMPILER_APPICON_NAME = AppIcon;
				ASSETCATALOG_COMPILER_GLOBAL_ACCENT_COLOR_NAME = AccentColor;
				CODE_SIGN_STYLE = Automatic;
				CURRENT_PROJECT_VERSION = 1;
				DEVELOPMENT_TEAM = DVS92MSR3M;
				ENABLE_PREVIEWS = YES;
				GENERATE_INFOPLIST_FILE = YES;
				INFOPLIST_FILE = "recording-analyzer/Info.plist";
				INFOPLIST_KEY_NSMicrophoneUsageDescription = "\"We need your microphone to record voice memos.\"";
				INFOPLIST_KEY_NSSupportsLiveActivities = YES;
				INFOPLIST_KEY_UIApplicationSceneManifest_Generation = YES;
				INFOPLIST_KEY_UIApplicationSupportsIndirectInputEvents = YES;
				INFOPLIST_KEY_UILaunchScreen_Generation = YES;
				INFOPLIST_KEY_UISupportedInterfaceOrientations_iPad = "UIInterfaceOrientationPortrait UIInterfaceOrientationPortraitUpsideDown UIInterfaceOrientationLandscapeLeft UIInterfaceOrientationLandscapeRight";
				INFOPLIST_KEY_UISupportedInterfaceOrientations_iPhone = "UIInterfaceOrientationPortrait UIInterfaceOrientationLandscapeLeft UIInterfaceOrientationLandscapeRight";
				LD_RUNPATH_SEARCH_PATHS = (
					"$(inherited)",
					"@executable_path/Frameworks",
				);
				MARKETING_VERSION = 1.0;
				PRODUCT_BUNDLE_IDENTIFIER = "com.app.recording-analyzer";
				PRODUCT_NAME = "$(TARGET_NAME)";
				SUPPORTED_PLATFORMS = "iphoneos iphonesimulator";
				SUPPORTS_MACCATALYST = NO;
				SUPPORTS_MAC_DESIGNED_FOR_IPHONE_IPAD = YES;
				SUPPORTS_XR_DESIGNED_FOR_IPHONE_IPAD = NO;
				SWIFT_EMIT_LOC_STRINGS = YES;
				SWIFT_VERSION = 5.0;
				TARGETED_DEVICE_FAMILY = "1,2";
			};
			name = Debug;
		};
		5F7D4E7C2ECE23F000ABF8DE /* Release */ = {
			isa = XCBuildConfiguration;
			buildSettings = {
				ASSETCATALOG_COMPILER_APPICON_NAME = AppIcon;
				ASSETCATALOG_COMPILER_GLOBAL_ACCENT_COLOR_NAME = AccentColor;
				CODE_SIGN_STYLE = Automatic;
				CURRENT_PROJECT_VERSION = 1;
				DEVELOPMENT_TEAM = DVS92MSR3M;
				ENABLE_PREVIEWS = YES;
				GENERATE_INFOPLIST_FILE = YES;
				INFOPLIST_FILE = "recording-analyzer/Info.plist";
				INFOPLIST_KEY_NSMicrophoneUsageDescription = "\"We need your microphone to record voice memos.\"";
				INFOPLIST_KEY_NSSupportsLiveActivities = YES;
				INFOPLIST_KEY_UIApplicationSceneManifest_Generation = YES;
				INFOPLIST_KEY_UIApplicationSupportsIndirectInputEvents = YES;
				INFOPLIST_KEY_UILaunchScreen_Generation = YES;
				INFOPLIST_KEY_UISupportedInterfaceOrientations_iPad = "UIInterfaceOrientationPortrait UIInterfaceOrientationPortraitUpsideDown UIInterfaceOrientationLandscapeLeft UIInterfaceOrientationLandscapeRight";
				INFOPLIST_KEY_UISupportedInterfaceOrientations_iPhone = "UIInterfaceOrientationPortrait UIInterfaceOrientationLandscapeLeft UIInterfaceOrientationLandscapeRight";
				LD_RUNPATH_SEARCH_PATHS = (
					"$(inherited)",
					"@executable_path/Frameworks",
				);
				MARKETING_VERSION = 1.0;
				PRODUCT_BUNDLE_IDENTIFIER = "com.app.recording-analyzer";
				PRODUCT_NAME = "$(TARGET_NAME)";
				SUPPORTED_PLATFORMS = "iphoneos iphonesimulator";
				SUPPORTS_MACCATALYST = NO;
				SUPPORTS_MAC_DESIGNED_FOR_IPHONE_IPAD = YES;
				SUPPORTS_XR_DESIGNED_FOR_IPHONE_IPAD = NO;
				SWIFT_EMIT_LOC_STRINGS = YES;
				SWIFT_VERSION = 5.0;
				TARGETED_DEVICE_FAMILY = "1,2";
			};
			name = Release;
		};
		5F7D4E7E2ECE23F000ABF8DE /* Debug */ = {
			isa = XCBuildConfiguration;
			buildSettings = {
				BUNDLE_LOADER = "$(TEST_HOST)";
				CODE_SIGN_STYLE = Automatic;
				CURRENT_PROJECT_VERSION = 1;
				DEVELOPMENT_TEAM = DVS92MSR3M;
				GENERATE_INFOPLIST_FILE = YES;
				IPHONEOS_DEPLOYMENT_TARGET = 18.5;
				MARKETING_VERSION = 1.0;
				PRODUCT_BUNDLE_IDENTIFIER = "com.app.recording-analyzerTests";
				PRODUCT_NAME = "$(TARGET_NAME)";
				SWIFT_EMIT_LOC_STRINGS = NO;
				SWIFT_VERSION = 5.0;
				TARGETED_DEVICE_FAMILY = "1,2";
				TEST_HOST = "$(BUILT_PRODUCTS_DIR)/recording-analyzer.app/$(BUNDLE_EXECUTABLE_FOLDER_PATH)/recording-analyzer";
			};
			name = Debug;
		};
		5F7D4E7F2ECE23F000ABF8DE /* Release */ = {
			isa = XCBuildConfiguration;
			buildSettings = {
				BUNDLE_LOADER = "$(TEST_HOST)";
				CODE_SIGN_STYLE = Automatic;
				CURRENT_PROJECT_VERSION = 1;
				DEVELOPMENT_TEAM = DVS92MSR3M;
				GENERATE_INFOPLIST_FILE = YES;
				IPHONEOS_DEPLOYMENT_TARGET = 18.5;
				MARKETING_VERSION = 1.0;
				PRODUCT_BUNDLE_IDENTIFIER = "com.app.recording-analyzerTests";
				PRODUCT_NAME = "$(TARGET_NAME)";
				SWIFT_EMIT_LOC_STRINGS = NO;
				SWIFT_VERSION = 5.0;
				TARGETED_DEVICE_FAMILY = "1,2";
				TEST_HOST = "$(BUILT_PRODUCTS_DIR)/recording-analyzer.app/$(BUNDLE_EXECUTABLE_FOLDER_PATH)/recording-analyzer";
			};
			name = Release;
		};
		5F7D4E812ECE23F000ABF8DE /* Debug */ = {
			isa = XCBuildConfiguration;
			buildSettings = {
				CODE_SIGN_STYLE = Automatic;
				CURRENT_PROJECT_VERSION = 1;
				DEVELOPMENT_TEAM = DVS92MSR3M;
				GENERATE_INFOPLIST_FILE = YES;
				MARKETING_VERSION = 1.0;
				PRODUCT_BUNDLE_IDENTIFIER = "com.app.recording-analyzerUITests";
				PRODUCT_NAME = "$(TARGET_NAME)";
				SWIFT_EMIT_LOC_STRINGS = NO;
				SWIFT_VERSION = 5.0;
				TARGETED_DEVICE_FAMILY = "1,2";
				TEST_TARGET_NAME = "recording-analyzer";
			};
			name = Debug;
		};
		5F7D4E822ECE23F000ABF8DE /* Release */ = {
			isa = XCBuildConfiguration;
			buildSettings = {
				CODE_SIGN_STYLE = Automatic;
				CURRENT_PROJECT_VERSION = 1;
				DEVELOPMENT_TEAM = DVS92MSR3M;
				GENERATE_INFOPLIST_FILE = YES;
				MARKETING_VERSION = 1.0;
				PRODUCT_BUNDLE_IDENTIFIER = "com.app.recording-analyzerUITests";
				PRODUCT_NAME = "$(TARGET_NAME)";
				SWIFT_EMIT_LOC_STRINGS = NO;
				SWIFT_VERSION = 5.0;
				TARGETED_DEVICE_FAMILY = "1,2";
				TEST_TARGET_NAME = "recording-analyzer";
			};
			name = Release;
		};
/* End XCBuildConfiguration section */

/* Begin XCConfigurationList section */
		5F15872B2ED3A8A60042E8A5 /* Build configuration list for PBXNativeTarget "RecordingAnalyzerWidgetExtension" */ = {
			isa = XCConfigurationList;
			buildConfigurations = (
				5F15872C2ED3A8A60042E8A5 /* Debug */,
				5F15872D2ED3A8A60042E8A5 /* Release */,
			);
			defaultConfigurationIsVisible = 0;
			defaultConfigurationName = Release;
		};
		5F7D4E542ECE23EE00ABF8DE /* Build configuration list for PBXProject "recording-analyzer" */ = {
			isa = XCConfigurationList;
			buildConfigurations = (
				5F7D4E782ECE23F000ABF8DE /* Debug */,
				5F7D4E792ECE23F000ABF8DE /* Release */,
			);
			defaultConfigurationIsVisible = 0;
			defaultConfigurationName = Release;
		};
		5F7D4E7A2ECE23F000ABF8DE /* Build configuration list for PBXNativeTarget "recording-analyzer" */ = {
			isa = XCConfigurationList;
			buildConfigurations = (
				5F7D4E7B2ECE23F000ABF8DE /* Debug */,
				5F7D4E7C2ECE23F000ABF8DE /* Release */,
			);
			defaultConfigurationIsVisible = 0;
			defaultConfigurationName = Release;
		};
		5F7D4E7D2ECE23F000ABF8DE /* Build configuration list for PBXNativeTarget "recording-analyzerTests" */ = {
			isa = XCConfigurationList;
			buildConfigurations = (
				5F7D4E7E2ECE23F000ABF8DE /* Debug */,
				5F7D4E7F2ECE23F000ABF8DE /* Release */,
			);
			defaultConfigurationIsVisible = 0;
			defaultConfigurationName = Release;
		};
		5F7D4E802ECE23F000ABF8DE /* Build configuration list for PBXNativeTarget "recording-analyzerUITests" */ = {
			isa = XCConfigurationList;
			buildConfigurations = (
				5F7D4E812ECE23F000ABF8DE /* Debug */,
				5F7D4E822ECE23F000ABF8DE /* Release */,
			);
			defaultConfigurationIsVisible = 0;
			defaultConfigurationName = Release;
		};
/* End XCConfigurationList section */
	};
	rootObject = 5F7D4E512ECE23ED00ABF8DE /* Project object */;
}
